
Microsoft Visual Studio Solution File, Format Version 12.00
# Visual Studio 15
VisualStudioVersion = 15.0.27130.2027
MinimumVisualStudioVersion = 10.0.40219.1
Project("{FAE04EC0-301F-11D3-BF4B-00C04F79EFBC}") = "HelloWorld", "HelloWorld\HelloWorld.csproj", "{E44FB845-5903-4243-B8A0-6EB2ADD6A72C}"
EndProject
Global
	GlobalSection(SolutionConfigurationPlatforms) = preSolution
		Debug|Any CPU = Debug|Any CPU
		Release|Any CPU = Release|Any CPU
	EndGlobalSection
	GlobalSection(ProjectConfigurationPlatforms) = postSolution
		{E44FB845-5903-4243-B8A0-6EB2ADD6A72C}.Debug|Any CPU.ActiveCfg = Debug|Any CPU
		{E44FB845-5903-4243-B8A0-6EB2ADD6A72C}.Debug|Any CPU.Build.0 = Debug|Any CPU
		{E44FB845-5903-4243-B8A0-6EB2ADD6A72C}.Release|Any CPU.ActiveCfg = Release|Any CPU
		{E44FB845-5903-4243-B8A0-6EB2ADD6A72C}.Release|Any CPU.Build.0 = Release|Any CPU
	EndGlobalSection
	GlobalSection(SolutionProperties) = preSolution
		HideSolutionNode = FALSE
	EndGlobalSection
	GlobalSection(ExtensibilityGlobals) = postSolution
		SolutionGuid = {7D9C9BAF-BF89-4FFA-AF4F-37FC6D526946}
	EndGlobalSection
EndGlobal
